// !$*UTF8*$!
{
	archiveVersion = 1;
	classes = {
	};
	objectVersion = 50;
	objects = {

/* Begin PBXBuildFile section */
		9464672624AABBE800F8409A /* AppDelegate.swift in Sources */ = {isa = PBXBuildFile; fileRef = 9464672524AABBE800F8409A /* AppDelegate.swift */; };
		9464672824AABBE800F8409A /* SceneDelegate.swift in Sources */ = {isa = PBXBuildFile; fileRef = 9464672724AABBE800F8409A /* SceneDelegate.swift */; };
		9464672A24AABBE800F8409A /* ViewController.swift in Sources */ = {isa = PBXBuildFile; fileRef = 9464672924AABBE800F8409A /* ViewController.swift */; };
		9464672D24AABBE800F8409A /* Main.storyboard in Resources */ = {isa = PBXBuildFile; fileRef = 9464672B24AABBE800F8409A /* Main.storyboard */; };
		9464672F24AABBE900F8409A /* Assets.xcassets in Resources */ = {isa = PBXBuildFile; fileRef = 9464672E24AABBE900F8409A /* Assets.xcassets */; };
		9464673224AABBE900F8409A /* LaunchScreen.storyboard in Resources */ = {isa = PBXBuildFile; fileRef = 9464673024AABBE900F8409A /* LaunchScreen.storyboard */; };
		9464673A24AABC0800F8409A /* AVPlayerExtensions.swift in Sources */ = {isa = PBXBuildFile; fileRef = 9464673924AABC0800F8409A /* AVPlayerExtensions.swift */; };
		9464673C24AABD0800F8409A /* water.mp3 in Resources */ = {isa = PBXBuildFile; fileRef = 9464673B24AABD0800F8409A /* water.mp3 */; };
		9464674324AABDD500F8409A /* URLExtensions.swift in Sources */ = {isa = PBXBuildFile; fileRef = 9464674224AABDD500F8409A /* URLExtensions.swift */; };
		9464674724AAC1C900F8409A /* AudioToolbox.framework in Frameworks */ = {isa = PBXBuildFile; fileRef = 9464674624AAC1C900F8409A /* AudioToolbox.framework */; };
/* End PBXBuildFile section */

/* Begin PBXFileReference section */
		9464672224AABBE800F8409A /* AVPlayerAudioLoop.app */ = {isa = PBXFileReference; explicitFileType = wrapper.application; includeInIndex = 0; path = AVPlayerAudioLoop.app; sourceTree = BUILT_PRODUCTS_DIR; };
		9464672524AABBE800F8409A /* AppDelegate.swift */ = {isa = PBXFileReference; lastKnownFileType = sourcecode.swift; path = AppDelegate.swift; sourceTree = "<group>"; };
		9464672724AABBE800F8409A /* SceneDelegate.swift */ = {isa = PBXFileReference; lastKnownFileType = sourcecode.swift; path = SceneDelegate.swift; sourceTree = "<group>"; };
		9464672924AABBE800F8409A /* ViewController.swift */ = {isa = PBXFileReference; lastKnownFileType = sourcecode.swift; path = ViewController.swift; sourceTree = "<group>"; };
		9464672C24AABBE800F8409A /* Base */ = {isa = PBXFileReference; lastKnownFileType = file.storyboard; name = Base; path = Base.lproj/Main.storyboard; sourceTree = "<group>"; };
		9464672E24AABBE900F8409A /* Assets.xcassets */ = {isa = PBXFileReference; lastKnownFileType = folder.assetcatalog; path = Assets.xcassets; sourceTree = "<group>"; };
		9464673124AABBE900F8409A /* Base */ = {isa = PBXFileReference; lastKnownFileType = file.storyboard; name = Base; path = Base.lproj/LaunchScreen.storyboard; sourceTree = "<group>"; };
		9464673324AABBE900F8409A /* Info.plist */ = {isa = PBXFileReference; lastKnownFileType = text.plist.xml; path = Info.plist; sourceTree = "<group>"; };
		9464673924AABC0800F8409A /* AVPlayerExtensions.swift */ = {isa = PBXFileReference; fileEncoding = 4; lastKnownFileType = sourcecode.swift; path = AVPlayerExtensions.swift; sourceTree = "<group>"; };
		9464673B24AABD0800F8409A /* water.mp3 */ = {isa = PBXFileReference; lastKnownFileType = audio.mp3; path = water.mp3; sourceTree = "<group>"; };
		9464674224AABDD500F8409A /* URLExtensions.swift */ = {isa = PBXFileReference; lastKnownFileType = sourcecode.swift; path = URLExtensions.swift; sourceTree = "<group>"; };
		9464674424AAC1C900F8409A /* AVPlayerAudioLoop.entitlements */ = {isa = PBXFileReference; lastKnownFileType = text.plist.entitlements; path = AVPlayerAudioLoop.entitlements; sourceTree = "<group>"; };
		9464674624AAC1C900F8409A /* AudioToolbox.framework */ = {isa = PBXFileReference; lastKnownFileType = wrapper.framework; name = AudioToolbox.framework; path = System/Library/Frameworks/AudioToolbox.framework; sourceTree = SDKROOT; };
/* End PBXFileReference section */

/* Begin PBXFrameworksBuildPhase section */
		9464671F24AABBE800F8409A /* Frameworks */ = {
			isa = PBXFrameworksBuildPhase;
			buildActionMask = 2147483647;
			files = (
				9464674724AAC1C900F8409A /* AudioToolbox.framework in Frameworks */,
			);
			runOnlyForDeploymentPostprocessing = 0;
		};
/* End PBXFrameworksBuildPhase section */

/* Begin PBXGroup section */
		9464671924AABBE800F8409A = {
			isa = PBXGroup;
			children = (
				9464672424AABBE800F8409A /* AVPlayerAudioLoop */,
				9464672324AABBE800F8409A /* Products */,
				9464674524AAC1C900F8409A /* Frameworks */,
			);
			sourceTree = "<group>";
		};
		9464672324AABBE800F8409A /* Products */ = {
			isa = PBXGroup;
			children = (
				9464672224AABBE800F8409A /* AVPlayerAudioLoop.app */,
			);
			name = Products;
			sourceTree = "<group>";
		};
		9464672424AABBE800F8409A /* AVPlayerAudioLoop */ = {
			isa = PBXGroup;
			children = (
				9464674424AAC1C900F8409A /* AVPlayerAudioLoop.entitlements */,
				9464674124AABD5200F8409A /* Modules */,
				9464674024AABD4C00F8409A /* Library */,
				9464673D24AABD0D00F8409A /* Assets */,
				9464673F24AABD3500F8409A /* Supporting Files */,
			);
			path = AVPlayerAudioLoop;
			sourceTree = "<group>";
		};
		9464673D24AABD0D00F8409A /* Assets */ = {
			isa = PBXGroup;
			children = (
				9464673B24AABD0800F8409A /* water.mp3 */,
				9464672E24AABBE900F8409A /* Assets.xcassets */,
			);
			path = Assets;
			sourceTree = "<group>";
		};
		9464673F24AABD3500F8409A /* Supporting Files */ = {
			isa = PBXGroup;
			children = (
				9464672524AABBE800F8409A /* AppDelegate.swift */,
				9464672724AABBE800F8409A /* SceneDelegate.swift */,
				9464673024AABBE900F8409A /* LaunchScreen.storyboard */,
				9464673324AABBE900F8409A /* Info.plist */,
			);
			name = "Supporting Files";
			sourceTree = "<group>";
		};
		9464674024AABD4C00F8409A /* Library */ = {
			isa = PBXGroup;
			children = (
				9464673924AABC0800F8409A /* AVPlayerExtensions.swift */,
				9464674224AABDD500F8409A /* URLExtensions.swift */,
			);
			path = Library;
			sourceTree = "<group>";
		};
		9464674124AABD5200F8409A /* Modules */ = {
			isa = PBXGroup;
			children = (
				9464672B24AABBE800F8409A /* Main.storyboard */,
				9464672924AABBE800F8409A /* ViewController.swift */,
			);
			path = Modules;
			sourceTree = "<group>";
		};
		9464674524AAC1C900F8409A /* Frameworks */ = {
			isa = PBXGroup;
			children = (
				9464674624AAC1C900F8409A /* AudioToolbox.framework */,
			);
			name = Frameworks;
			sourceTree = "<group>";
		};
/* End PBXGroup section */

/* Begin PBXNativeTarget section */
		9464672124AABBE800F8409A /* AVPlayerAudioLoop */ = {
			isa = PBXNativeTarget;
			buildConfigurationList = 9464673624AABBE900F8409A /* Build configuration list for PBXNativeTarget "AVPlayerAudioLoop" */;
			buildPhases = (
				9464671E24AABBE800F8409A /* Sources */,
				9464671F24AABBE800F8409A /* Frameworks */,
				9464672024AABBE800F8409A /* Resources */,
			);
			buildRules = (
			);
			dependencies = (
			);
			name = AVPlayerAudioLoop;
			productName = AVPlayerAudioLoop;
			productReference = 9464672224AABBE800F8409A /* AVPlayerAudioLoop.app */;
			productType = "com.apple.product-type.application";
		};
/* End PBXNativeTarget section */

/* Begin PBXProject section */
		9464671A24AABBE800F8409A /* Project object */ = {
			isa = PBXProject;
			attributes = {
				LastSwiftUpdateCheck = 1150;
				LastUpgradeCheck = 1150;
				ORGANIZATIONNAME = "It's Day Off";
				TargetAttributes = {
					9464672124AABBE800F8409A = {
						CreatedOnToolsVersion = 11.5;
					};
				};
			};
			buildConfigurationList = 9464671D24AABBE800F8409A /* Build configuration list for PBXProject "AVPlayerAudioLoop" */;
			compatibilityVersion = "Xcode 9.3";
			developmentRegion = en;
			hasScannedForEncodings = 0;
			knownRegions = (
				en,
				Base,
			);
			mainGroup = 9464671924AABBE800F8409A;
			productRefGroup = 9464672324AABBE800F8409A /* Products */;
			projectDirPath = "";
			projectRoot = "";
			targets = (
				9464672124AABBE800F8409A /* AVPlayerAudioLoop */,
			);
		};
/* End PBXProject section */

/* Begin PBXResourcesBuildPhase section */
		9464672024AABBE800F8409A /* Resources */ = {
			isa = PBXResourcesBuildPhase;
			buildActionMask = 2147483647;
			files = (
				9464673224AABBE900F8409A /* LaunchScreen.storyboard in Resources */,
				9464672F24AABBE900F8409A /* Assets.xcassets in Resources */,
				9464673C24AABD0800F8409A /* water.mp3 in Resources */,
				9464672D24AABBE800F8409A /* Main.storyboard in Resources */,
			);
			runOnlyForDeploymentPostprocessing = 0;
		};
/* End PBXResourcesBuildPhase section */

/* Begin PBXSourcesBuildPhase section */
		9464671E24AABBE800F8409A /* Sources */ = {
			isa = PBXSourcesBuildPhase;
			buildActionMask = 2147483647;
			files = (
				9464672A24AABBE800F8409A /* ViewController.swift in Sources */,
				9464672624AABBE800F8409A /* AppDelegate.swift in Sources */,
				9464674324AABDD500F8409A /* URLExtensions.swift in Sources */,
				9464672824AABBE800F8409A /* SceneDelegate.swift in Sources */,
				9464673A24AABC0800F8409A /* AVPlayerExtensions.swift in Sources */,
			);
			runOnlyForDeploymentPostprocessing = 0;
		};
/* End PBXSourcesBuildPhase section */

/* Begin PBXVariantGroup section */
		9464672B24AABBE800F8409A /* Main.storyboard */ = {
			isa = PBXVariantGroup;
			children = (
				9464672C24AABBE800F8409A /* Base */,
			);
			name = Main.storyboard;
			sourceTree = "<group>";
		};
		9464673024AABBE900F8409A /* LaunchScreen.storyboard */ = {
			isa = PBXVariantGroup;
			children = (
				9464673124AABBE900F8409A /* Base */,
			);
			name = LaunchScreen.storyboard;
			sourceTree = "<group>";
		};
/* End PBXVariantGroup section */

/* Begin XCBuildConfiguration section */
		9464673424AABBE900F8409A /* Debug */ = {
			isa = XCBuildConfiguration;
			buildSettings = {
				ALWAYS_SEARCH_USER_PATHS = NO;
				CLANG_ANALYZER_NONNULL = YES;
				CLANG_ANALYZER_NUMBER_OBJECT_CONVERSION = YES_AGGRESSIVE;
				CLANG_CXX_LANGUAGE_STANDARD = "gnu++14";
				CLANG_CXX_LIBRARY = "libc++";
				CLANG_ENABLE_MODULES = YES;
				CLANG_ENABLE_OBJC_ARC = YES;
				CLANG_ENABLE_OBJC_WEAK = YES;
				CLANG_WARN_BLOCK_CAPTURE_AUTORELEASING = YES;
				CLANG_WARN_BOOL_CONVERSION = YES;
				CLANG_WARN_COMMA = YES;
				CLANG_WARN_CONSTANT_CONVERSION = YES;
				CLANG_WARN_DEPRECATED_OBJC_IMPLEMENTATIONS = YES;
				CLANG_WARN_DIRECT_OBJC_ISA_USAGE = YES_ERROR;
				CLANG_WARN_DOCUMENTATION_COMMENTS = YES;
				CLANG_WARN_EMPTY_BODY = YES;
				CLANG_WARN_ENUM_CONVERSION = YES;
				CLANG_WARN_INFINITE_RECURSION = YES;
				CLANG_WARN_INT_CONVERSION = YES;
				CLANG_WARN_NON_LITERAL_NULL_CONVERSION = YES;
				CLANG_WARN_OBJC_IMPLICIT_RETAIN_SELF = YES;
				CLANG_WARN_OBJC_LITERAL_CONVERSION = YES;
				CLANG_WARN_OBJC_ROOT_CLASS = YES_ERROR;
				CLANG_WARN_RANGE_LOOP_ANALYSIS = YES;
				CLANG_WARN_STRICT_PROTOTYPES = YES;
				CLANG_WARN_SUSPICIOUS_MOVE = YES;
				CLANG_WARN_UNGUARDED_AVAILABILITY = YES_AGGRESSIVE;
				CLANG_WARN_UNREACHABLE_CODE = YES;
				CLANG_WARN__DUPLICATE_METHOD_MATCH = YES;
				COPY_PHASE_STRIP = NO;
				DEBUG_INFORMATION_FORMAT = dwarf;
				ENABLE_STRICT_OBJC_MSGSEND = YES;
				ENABLE_TESTABILITY = YES;
				GCC_C_LANGUAGE_STANDARD = gnu11;
				GCC_DYNAMIC_NO_PIC = NO;
				GCC_NO_COMMON_BLOCKS = YES;
				GCC_OPTIMIZATION_LEVEL = 0;
				GCC_PREPROCESSOR_DEFINITIONS = (
					"DEBUG=1",
					"$(inherited)",
				);
				GCC_WARN_64_TO_32_BIT_CONVERSION = YES;
				GCC_WARN_ABOUT_RETURN_TYPE = YES_ERROR;
				GCC_WARN_UNDECLARED_SELECTOR = YES;
				GCC_WARN_UNINITIALIZED_AUTOS = YES_AGGRESSIVE;
				GCC_WARN_UNUSED_FUNCTION = YES;
				GCC_WARN_UNUSED_VARIABLE = YES;
				IPHONEOS_DEPLOYMENT_TARGET = 13.5;
				MTL_ENABLE_DEBUG_INFO = INCLUDE_SOURCE;
				MTL_FAST_MATH = YES;
				ONLY_ACTIVE_ARCH = YES;
				SDKROOT = iphoneos;
				SWIFT_ACTIVE_COMPILATION_CONDITIONS = DEBUG;
				SWIFT_OPTIMIZATION_LEVEL = "-Onone";
			};
			name = Debug;
		};
		9464673524AABBE900F8409A /* Release */ = {
			isa = XCBuildConfiguration;
			buildSettings = {
				ALWAYS_SEARCH_USER_PATHS = NO;
				CLANG_ANALYZER_NONNULL = YES;
				CLANG_ANALYZER_NUMBER_OBJECT_CONVERSION = YES_AGGRESSIVE;
				CLANG_CXX_LANGUAGE_STANDARD = "gnu++14";
				CLANG_CXX_LIBRARY = "libc++";
				CLANG_ENABLE_MODULES = YES;
				CLANG_ENABLE_OBJC_ARC = YES;
				CLANG_ENABLE_OBJC_WEAK = YES;
				CLANG_WARN_BLOCK_CAPTURE_AUTORELEASING = YES;
				CLANG_WARN_BOOL_CONVERSION = YES;
				CLANG_WARN_COMMA = YES;
				CLANG_WARN_CONSTANT_CONVERSION = YES;
				CLANG_WARN_DEPRECATED_OBJC_IMPLEMENTATIONS = YES;
				CLANG_WARN_DIRECT_OBJC_ISA_USAGE = YES_ERROR;
				CLANG_WARN_DOCUMENTATION_COMMENTS = YES;
				CLANG_WARN_EMPTY_BODY = YES;
				CLANG_WARN_ENUM_CONVERSION = YES;
				CLANG_WARN_INFINITE_RECURSION = YES;
				CLANG_WARN_INT_CONVERSION = YES;
				CLANG_WARN_NON_LITERAL_NULL_CONVERSION = YES;
				CLANG_WARN_OBJC_IMPLICIT_RETAIN_SELF = YES;
				CLANG_WARN_OBJC_LITERAL_CONVERSION = YES;
				CLANG_WARN_OBJC_ROOT_CLASS = YES_ERROR;
				CLANG_WARN_RANGE_LOOP_ANALYSIS = YES;
				CLANG_WARN_STRICT_PROTOTYPES = YES;
				CLANG_WARN_SUSPICIOUS_MOVE = YES;
				CLANG_WARN_UNGUARDED_AVAILABILITY = YES_AGGRESSIVE;
				CLANG_WARN_UNREACHABLE_CODE = YES;
				CLANG_WARN__DUPLICATE_METHOD_MATCH = YES;
				COPY_PHASE_STRIP = NO;
				DEBUG_INFORMATION_FORMAT = "dwarf-with-dsym";
				ENABLE_NS_ASSERTIONS = NO;
				ENABLE_STRICT_OBJC_MSGSEND = YES;
				GCC_C_LANGUAGE_STANDARD = gnu11;
				GCC_NO_COMMON_BLOCKS = YES;
				GCC_WARN_64_TO_32_BIT_CONVERSION = YES;
				GCC_WARN_ABOUT_RETURN_TYPE = YES_ERROR;
				GCC_WARN_UNDECLARED_SELECTOR = YES;
				GCC_WARN_UNINITIALIZED_AUTOS = YES_AGGRESSIVE;
				GCC_WARN_UNUSED_FUNCTION = YES;
				GCC_WARN_UNUSED_VARIABLE = YES;
				IPHONEOS_DEPLOYMENT_TARGET = 13.5;
				MTL_ENABLE_DEBUG_INFO = NO;
				MTL_FAST_MATH = YES;
				SDKROOT = iphoneos;
				SWIFT_COMPILATION_MODE = wholemodule;
				SWIFT_OPTIMIZATION_LEVEL = "-O";
				VALIDATE_PRODUCT = YES;
			};
			name = Release;
		};
		9464673724AABBE900F8409A /* Debug */ = {
			isa = XCBuildConfiguration;
			buildSettings = {
				ASSETCATALOG_COMPILER_APPICON_NAME = AppIcon;
				CODE_SIGN_ENTITLEMENTS = AVPlayerAudioLoop/AVPlayerAudioLoop.entitlements;
				CODE_SIGN_STYLE = Automatic;
				DEVELOPMENT_TEAM = S2DSCP4F3H;
				INFOPLIST_FILE = AVPlayerAudioLoop/Info.plist;
				LD_RUNPATH_SEARCH_PATHS = (
					"$(inherited)",
					"@executable_path/Frameworks",
				);
				PRODUCT_BUNDLE_IDENTIFIER = com.itsdayoff.AVPlayerAudioLoop;
				PRODUCT_NAME = "$(TARGET_NAME)";
				SWIFT_VERSION = 5.0;
				TARGETED_DEVICE_FAMILY = "1,2";
			};
			name = Debug;
		};
		9464673824AABBE900F8409A /* Release */ = {
			isa = XCBuildConfiguration;
			buildSettings = {
				ASSETCATALOG_COMPILER_APPICON_NAME = AppIcon;
				CODE_SIGN_ENTITLEMENTS = AVPlayerAudioLoop/AVPlayerAudioLoop.entitlements;
				CODE_SIGN_STYLE = Automatic;
				DEVELOPMENT_TEAM = S2DSCP4F3H;
				INFOPLIST_FILE = AVPlayerAudioLoop/Info.plist;
				LD_RUNPATH_SEARCH_PATHS = (
					"$(inherited)",
					"@executable_path/Frameworks",
				);
				PRODUCT_BUNDLE_IDENTIFIER = com.itsdayoff.AVPlayerAudioLoop;
				PRODUCT_NAME = "$(TARGET_NAME)";
				SWIFT_VERSION = 5.0;
				TARGETED_DEVICE_FAMILY = "1,2";
			};
			name = Release;
		};
/* End XCBuildConfiguration section */

/* Begin XCConfigurationList section */
		9464671D24AABBE800F8409A /* Build configuration list for PBXProject "AVPlayerAudioLoop" */ = {
			isa = XCConfigurationList;
			buildConfigurations = (
				9464673424AABBE900F8409A /* Debug */,
				9464673524AABBE900F8409A /* Release */,
			);
			defaultConfigurationIsVisible = 0;
			defaultConfigurationName = Release;
		};
		9464673624AABBE900F8409A /* Build configuration list for PBXNativeTarget "AVPlayerAudioLoop" */ = {
			isa = XCConfigurationList;
			buildConfigurations = (
				9464673724AABBE900F8409A /* Debug */,
				9464673824AABBE900F8409A /* Release */,
			);
			defaultConfigurationIsVisible = 0;
			defaultConfigurationName = Release;
		};
/* End XCConfigurationList section */
	};
	rootObject = 9464671A24AABBE800F8409A /* Project object */;
}
